// !$*UTF8*$!
{
	archiveVersion = 1;
	classes = {
	};
	objectVersion = 50;
	objects = {

/* Begin PBXBuildFile section */
		197699E721842A9C00FB1E30 /* AppDelegate.m in Sources */ = {isa = PBXBuildFile; fileRef = 197699E621842A9C00FB1E30 /* AppDelegate.m */; };
		197699EA21842A9C00FB1E30 /* ViewController.m in Sources */ = {isa = PBXBuildFile; fileRef = 197699E921842A9C00FB1E30 /* ViewController.m */; };
		197699ED21842A9C00FB1E30 /* Main.storyboard in Resources */ = {isa = PBXBuildFile; fileRef = 197699EB21842A9C00FB1E30 /* Main.storyboard */; };
		197699EF21842AAF00FB1E30 /* Assets.xcassets in Resources */ = {isa = PBXBuildFile; fileRef = 197699EE21842AAF00FB1E30 /* Assets.xcassets */; };
		197699F221842AAF00FB1E30 /* LaunchScreen.storyboard in Resources */ = {isa = PBXBuildFile; fileRef = 197699F021842AAF00FB1E30 /* LaunchScreen.storyboard */; };
		197699F521842AAF00FB1E30 /* main.m in Sources */ = {isa = PBXBuildFile; fileRef = 197699F421842AAF00FB1E30 /* main.m */; };
		197699FF21842AAF00FB1E30 /* trolliTests.m in Sources */ = {isa = PBXBuildFile; fileRef = 197699FE21842AAF00FB1E30 /* trolliTests.m */; };
		19769A0A21842AAF00FB1E30 /* trolliUITests.m in Sources */ = {isa = PBXBuildFile; fileRef = 19769A0921842AAF00FB1E30 /* trolliUITests.m */; };
/* End PBXBuildFile section */

/* Begin PBXContainerItemProxy section */
		197699FB21842AAF00FB1E30 /* PBXContainerItemProxy */ = {
			isa = PBXContainerItemProxy;
			containerPortal = 197699DA21842A9B00FB1E30 /* Project object */;
			proxyType = 1;
			remoteGlobalIDString = 197699E121842A9B00FB1E30;
			remoteInfo = trolli;
		};
		19769A0621842AAF00FB1E30 /* PBXContainerItemProxy */ = {
			isa = PBXContainerItemProxy;
			containerPortal = 197699DA21842A9B00FB1E30 /* Project object */;
			proxyType = 1;
			remoteGlobalIDString = 197699E121842A9B00FB1E30;
			remoteInfo = trolli;
		};
/* End PBXContainerItemProxy section */

/* Begin PBXFileReference section */
		197699E221842A9C00FB1E30 /* trolli.app */ = {isa = PBXFileReference; explicitFileType = wrapper.application; includeInIndex = 0; path = trolli.app; sourceTree = BUILT_PRODUCTS_DIR; };
		197699E521842A9C00FB1E30 /* AppDelegate.h */ = {isa = PBXFileReference; lastKnownFileType = sourcecode.c.h; path = AppDelegate.h; sourceTree = "<group>"; };
		197699E621842A9C00FB1E30 /* AppDelegate.m */ = {isa = PBXFileReference; lastKnownFileType = sourcecode.c.objc; path = AppDelegate.m; sourceTree = "<group>"; };
		197699E821842A9C00FB1E30 /* ViewController.h */ = {isa = PBXFileReference; lastKnownFileType = sourcecode.c.h; path = ViewController.h; sourceTree = "<group>"; };
		197699E921842A9C00FB1E30 /* ViewController.m */ = {isa = PBXFileReference; lastKnownFileType = sourcecode.c.objc; path = ViewController.m; sourceTree = "<group>"; };
		197699EC21842A9C00FB1E30 /* Base */ = {isa = PBXFileReference; lastKnownFileType = file.storyboard; name = Base; path = Base.lproj/Main.storyboard; sourceTree = "<group>"; };
		197699EE21842AAF00FB1E30 /* Assets.xcassets */ = {isa = PBXFileReference; lastKnownFileType = folder.assetcatalog; path = Assets.xcassets; sourceTree = "<group>"; };
		197699F121842AAF00FB1E30 /* Base */ = {isa = PBXFileReference; lastKnownFileType = file.storyboard; name = Base; path = Base.lproj/LaunchScreen.storyboard; sourceTree = "<group>"; };
		197699F321842AAF00FB1E30 /* Info.plist */ = {isa = PBXFileReference; lastKnownFileType = text.plist.xml; path = Info.plist; sourceTree = "<group>"; };
		197699F421842AAF00FB1E30 /* main.m */ = {isa = PBXFileReference; lastKnownFileType = sourcecode.c.objc; path = main.m; sourceTree = "<group>"; };
		197699FA21842AAF00FB1E30 /* trolliTests.xctest */ = {isa = PBXFileReference; explicitFileType = wrapper.cfbundle; includeInIndex = 0; path = trolliTests.xctest; sourceTree = BUILT_PRODUCTS_DIR; };
		197699FE21842AAF00FB1E30 /* trolliTests.m */ = {isa = PBXFileReference; lastKnownFileType = sourcecode.c.objc; path = trolliTests.m; sourceTree = "<group>"; };
		19769A0021842AAF00FB1E30 /* Info.plist */ = {isa = PBXFileReference; lastKnownFileType = text.plist.xml; path = Info.plist; sourceTree = "<group>"; };
		19769A0521842AAF00FB1E30 /* trolliUITests.xctest */ = {isa = PBXFileReference; explicitFileType = wrapper.cfbundle; includeInIndex = 0; path = trolliUITests.xctest; sourceTree = BUILT_PRODUCTS_DIR; };
		19769A0921842AAF00FB1E30 /* trolliUITests.m */ = {isa = PBXFileReference; lastKnownFileType = sourcecode.c.objc; path = trolliUITests.m; sourceTree = "<group>"; };
		19769A0B21842AAF00FB1E30 /* Info.plist */ = {isa = PBXFileReference; lastKnownFileType = text.plist.xml; path = Info.plist; sourceTree = "<group>"; };
/* End PBXFileReference section */

/* Begin PBXFrameworksBuildPhase section */
		197699DF21842A9B00FB1E30 /* Frameworks */ = {
			isa = PBXFrameworksBuildPhase;
			buildActionMask = 2147483647;
			files = (
			);
			runOnlyForDeploymentPostprocessing = 0;
		};
		197699F721842AAF00FB1E30 /* Frameworks */ = {
			isa = PBXFrameworksBuildPhase;
			buildActionMask = 2147483647;
			files = (
			);
			runOnlyForDeploymentPostprocessing = 0;
		};
		19769A0221842AAF00FB1E30 /* Frameworks */ = {
			isa = PBXFrameworksBuildPhase;
			buildActionMask = 2147483647;
			files = (
			);
			runOnlyForDeploymentPostprocessing = 0;
		};
/* End PBXFrameworksBuildPhase section */

/* Begin PBXGroup section */
		197699D921842A9B00FB1E30 = {
			isa = PBXGroup;
			children = (
				197699E421842A9C00FB1E30 /* trolli */,
				197699FD21842AAF00FB1E30 /* trolliTests */,
				19769A0821842AAF00FB1E30 /* trolliUITests */,
				197699E321842A9C00FB1E30 /* Products */,
			);
			sourceTree = "<group>";
		};
		197699E321842A9C00FB1E30 /* Products */ = {
			isa = PBXGroup;
			children = (
				197699E221842A9C00FB1E30 /* trolli.app */,
				197699FA21842AAF00FB1E30 /* trolliTests.xctest */,
				19769A0521842AAF00FB1E30 /* trolliUITests.xctest */,
			);
			name = Products;
			sourceTree = "<group>";
		};
		197699E421842A9C00FB1E30 /* trolli */ = {
			isa = PBXGroup;
			children = (
				197699E521842A9C00FB1E30 /* AppDelegate.h */,
				197699E621842A9C00FB1E30 /* AppDelegate.m */,
				197699E821842A9C00FB1E30 /* ViewController.h */,
				197699E921842A9C00FB1E30 /* ViewController.m */,
				197699EB21842A9C00FB1E30 /* Main.storyboard */,
				197699EE21842AAF00FB1E30 /* Assets.xcassets */,
				197699F021842AAF00FB1E30 /* LaunchScreen.storyboard */,
				197699F321842AAF00FB1E30 /* Info.plist */,
				197699F421842AAF00FB1E30 /* main.m */,
			);
			path = trolli;
			sourceTree = "<group>";
		};
		197699FD21842AAF00FB1E30 /* trolliTests */ = {
			isa = PBXGroup;
			children = (
				197699FE21842AAF00FB1E30 /* trolliTests.m */,
				19769A0021842AAF00FB1E30 /* Info.plist */,
			);
			path = trolliTests;
			sourceTree = "<group>";
		};
		19769A0821842AAF00FB1E30 /* trolliUITests */ = {
			isa = PBXGroup;
			children = (
				19769A0921842AAF00FB1E30 /* trolliUITests.m */,
				19769A0B21842AAF00FB1E30 /* Info.plist */,
			);
			path = trolliUITests;
			sourceTree = "<group>";
		};
/* End PBXGroup section */

/* Begin PBXNativeTarget section */
		197699E121842A9B00FB1E30 /* trolli */ = {
			isa = PBXNativeTarget;
			buildConfigurationList = 19769A0E21842AAF00FB1E30 /* Build configuration list for PBXNativeTarget "trolli" */;
			buildPhases = (
				197699DE21842A9B00FB1E30 /* Sources */,
				197699DF21842A9B00FB1E30 /* Frameworks */,
				197699E021842A9B00FB1E30 /* Resources */,
			);
			buildRules = (
			);
			dependencies = (
			);
			name = trolli;
			productName = trolli;
			productReference = 197699E221842A9C00FB1E30 /* trolli.app */;
			productType = "com.apple.product-type.application";
		};
		197699F921842AAF00FB1E30 /* trolliTests */ = {
			isa = PBXNativeTarget;
			buildConfigurationList = 19769A1121842AAF00FB1E30 /* Build configuration list for PBXNativeTarget "trolliTests" */;
			buildPhases = (
				197699F621842AAF00FB1E30 /* Sources */,
				197699F721842AAF00FB1E30 /* Frameworks */,
				197699F821842AAF00FB1E30 /* Resources */,
			);
			buildRules = (
			);
			dependencies = (
				197699FC21842AAF00FB1E30 /* PBXTargetDependency */,
			);
			name = trolliTests;
			productName = trolliTests;
			productReference = 197699FA21842AAF00FB1E30 /* trolliTests.xctest */;
			productType = "com.apple.product-type.bundle.unit-test";
		};
		19769A0421842AAF00FB1E30 /* trolliUITests */ = {
			isa = PBXNativeTarget;
			buildConfigurationList = 19769A1421842AAF00FB1E30 /* Build configuration list for PBXNativeTarget "trolliUITests" */;
			buildPhases = (
				19769A0121842AAF00FB1E30 /* Sources */,
				19769A0221842AAF00FB1E30 /* Frameworks */,
				19769A0321842AAF00FB1E30 /* Resources */,
			);
			buildRules = (
			);
			dependencies = (
				19769A0721842AAF00FB1E30 /* PBXTargetDependency */,
			);
			name = trolliUITests;
			productName = trolliUITests;
			productReference = 19769A0521842AAF00FB1E30 /* trolliUITests.xctest */;
			productType = "com.apple.product-type.bundle.ui-testing";
		};
/* End PBXNativeTarget section */

/* Begin PBXProject section */
		197699DA21842A9B00FB1E30 /* Project object */ = {
			isa = PBXProject;
			attributes = {
				LastUpgradeCheck = 0940;
				ORGANIZATIONNAME = CodeBreaker;
				TargetAttributes = {
					197699E121842A9B00FB1E30 = {
						CreatedOnToolsVersion = 9.4.1;
					};
					197699F921842AAF00FB1E30 = {
						CreatedOnToolsVersion = 9.4.1;
						TestTargetID = 197699E121842A9B00FB1E30;
					};
					19769A0421842AAF00FB1E30 = {
						CreatedOnToolsVersion = 9.4.1;
						TestTargetID = 197699E121842A9B00FB1E30;
					};
				};
			};
			buildConfigurationList = 197699DD21842A9B00FB1E30 /* Build configuration list for PBXProject "trolli" */;
			compatibilityVersion = "Xcode 9.3";
			developmentRegion = en;
			hasScannedForEncodings = 0;
			knownRegions = (
				en,
				Base,
			);
			mainGroup = 197699D921842A9B00FB1E30;
			productRefGroup = 197699E321842A9C00FB1E30 /* Products */;
			projectDirPath = "";
			projectRoot = "";
			targets = (
				197699E121842A9B00FB1E30 /* trolli */,
				197699F921842AAF00FB1E30 /* trolliTests */,
				19769A0421842AAF00FB1E30 /* trolliUITests */,
			);
		};
/* End PBXProject section */

/* Begin PBXResourcesBuildPhase section */
		197699E021842A9B00FB1E30 /* Resources */ = {
			isa = PBXResourcesBuildPhase;
			buildActionMask = 2147483647;
			files = (
				197699F221842AAF00FB1E30 /* LaunchScreen.storyboard in Resources */,
				197699EF21842AAF00FB1E30 /* Assets.xcassets in Resources */,
				197699ED21842A9C00FB1E30 /* Main.storyboard in Resources */,
			);
			runOnlyForDeploymentPostprocessing = 0;
		};
		197699F821842AAF00FB1E30 /* Resources */ = {
			isa = PBXResourcesBuildPhase;
			buildActionMask = 2147483647;
			files = (
			);
			runOnlyForDeploymentPostprocessing = 0;
		};
		19769A0321842AAF00FB1E30 /* Resources */ = {
			isa = PBXResourcesBuildPhase;
			buildActionMask = 2147483647;
			files = (
			);
			runOnlyForDeploymentPostprocessing = 0;
		};
/* End PBXResourcesBuildPhase section */

/* Begin PBXSourcesBuildPhase section */
		197699DE21842A9B00FB1E30 /* Sources */ = {
			isa = PBXSourcesBuildPhase;
			buildActionMask = 2147483647;
			files = (
				197699EA21842A9C00FB1E30 /* ViewController.m in Sources */,
				197699F521842AAF00FB1E30 /* main.m in Sources */,
				197699E721842A9C00FB1E30 /* AppDelegate.m in Sources */,
			);
			runOnlyForDeploymentPostprocessing = 0;
		};
		197699F621842AAF00FB1E30 /* Sources */ = {
			isa = PBXSourcesBuildPhase;
			buildActionMask = 2147483647;
			files = (
				197699FF21842AAF00FB1E30 /* trolliTests.m in Sources */,
			);
			runOnlyForDeploymentPostprocessing = 0;
		};
		19769A0121842AAF00FB1E30 /* Sources */ = {
			isa = PBXSourcesBuildPhase;
			buildActionMask = 2147483647;
			files = (
				19769A0A21842AAF00FB1E30 /* trolliUITests.m in Sources */,
			);
			runOnlyForDeploymentPostprocessing = 0;
		};
/* End PBXSourcesBuildPhase section */

/* Begin PBXTargetDependency section */
		197699FC21842AAF00FB1E30 /* PBXTargetDependency */ = {
			isa = PBXTargetDependency;
			target = 197699E121842A9B00FB1E30 /* trolli */;
			targetProxy = 197699FB21842AAF00FB1E30 /* PBXContainerItemProxy */;
		};
		19769A0721842AAF00FB1E30 /* PBXTargetDependency */ = {
			isa = PBXTargetDependency;
			target = 197699E121842A9B00FB1E30 /* trolli */;
			targetProxy = 19769A0621842AAF00FB1E30 /* PBXContainerItemProxy */;
		};
/* End PBXTargetDependency section */

/* Begin PBXVariantGroup section */
		197699EB21842A9C00FB1E30 /* Main.storyboard */ = {
			isa = PBXVariantGroup;
			children = (
				197699EC21842A9C00FB1E30 /* Base */,
			);
			name = Main.storyboard;
			sourceTree = "<group>";
		};
		197699F021842AAF00FB1E30 /* LaunchScreen.storyboard */ = {
			isa = PBXVariantGroup;
			children = (
				197699F121842AAF00FB1E30 /* Base */,
			);
			name = LaunchScreen.storyboard;
			sourceTree = "<group>";
		};
/* End PBXVariantGroup section */

/* Begin XCBuildConfiguration section */
		19769A0C21842AAF00FB1E30 /* Debug */ = {
			isa = XCBuildConfiguration;
			buildSettings = {
				ALWAYS_SEARCH_USER_PATHS = NO;
				CLANG_ANALYZER_NONNULL = YES;
				CLANG_ANALYZER_NUMBER_OBJECT_CONVERSION = YES_AGGRESSIVE;
				CLANG_CXX_LANGUAGE_STANDARD = "gnu++14";
				CLANG_CXX_LIBRARY = "libc++";
				CLANG_ENABLE_MODULES = YES;
				CLANG_ENABLE_OBJC_ARC = YES;
				CLANG_ENABLE_OBJC_WEAK = YES;
				CLANG_WARN_BLOCK_CAPTURE_AUTORELEASING = YES;
				CLANG_WARN_BOOL_CONVERSION = YES;
				CLANG_WARN_COMMA = YES;
				CLANG_WARN_CONSTANT_CONVERSION = YES;
				CLANG_WARN_DEPRECATED_OBJC_IMPLEMENTATIONS = YES;
				CLANG_WARN_DIRECT_OBJC_ISA_USAGE = YES_ERROR;
				CLANG_WARN_DOCUMENTATION_COMMENTS = YES;
				CLANG_WARN_EMPTY_BODY = YES;
				CLANG_WARN_ENUM_CONVERSION = YES;
				CLANG_WARN_INFINITE_RECURSION = YES;
				CLANG_WARN_INT_CONVERSION = YES;
				CLANG_WARN_NON_LITERAL_NULL_CONVERSION = YES;
				CLANG_WARN_OBJC_IMPLICIT_RETAIN_SELF = YES;
				CLANG_WARN_OBJC_LITERAL_CONVERSION = YES;
				CLANG_WARN_OBJC_ROOT_CLASS = YES_ERROR;
				CLANG_WARN_RANGE_LOOP_ANALYSIS = YES;
				CLANG_WARN_STRICT_PROTOTYPES = YES;
				CLANG_WARN_SUSPICIOUS_MOVE = YES;
				CLANG_WARN_UNGUARDED_AVAILABILITY = YES_AGGRESSIVE;
				CLANG_WARN_UNREACHABLE_CODE = YES;
				CLANG_WARN__DUPLICATE_METHOD_MATCH = YES;
				CODE_SIGN_IDENTITY = "iPhone Developer";
				COPY_PHASE_STRIP = NO;
				DEBUG_INFORMATION_FORMAT = dwarf;
				ENABLE_STRICT_OBJC_MSGSEND = YES;
				ENABLE_TESTABILITY = YES;
				GCC_C_LANGUAGE_STANDARD = gnu11;
				GCC_DYNAMIC_NO_PIC = NO;
				GCC_NO_COMMON_BLOCKS = YES;
				GCC_OPTIMIZATION_LEVEL = 0;
				GCC_PREPROCESSOR_DEFINITIONS = (
					"DEBUG=1",
					"$(inherited)",
				);
				GCC_WARN_64_TO_32_BIT_CONVERSION = YES;
				GCC_WARN_ABOUT_RETURN_TYPE = YES_ERROR;
				GCC_WARN_UNDECLARED_SELECTOR = YES;
				GCC_WARN_UNINITIALIZED_AUTOS = YES_AGGRESSIVE;
				GCC_WARN_UNUSED_FUNCTION = YES;
				GCC_WARN_UNUSED_VARIABLE = YES;
				IPHONEOS_DEPLOYMENT_TARGET = 11.4;
				MTL_ENABLE_DEBUG_INFO = YES;
				ONLY_ACTIVE_ARCH = YES;
				SDKROOT = iphoneos;
			};
			name = Debug;
		};
		19769A0D21842AAF00FB1E30 /* Release */ = {
			isa = XCBuildConfiguration;
			buildSettings = {
				ALWAYS_SEARCH_USER_PATHS = NO;
				CLANG_ANALYZER_NONNULL = YES;
				CLANG_ANALYZER_NUMBER_OBJECT_CONVERSION = YES_AGGRESSIVE;
				CLANG_CXX_LANGUAGE_STANDARD = "gnu++14";
				CLANG_CXX_LIBRARY = "libc++";
				CLANG_ENABLE_MODULES = YES;
				CLANG_ENABLE_OBJC_ARC = YES;
				CLANG_ENABLE_OBJC_WEAK = YES;
				CLANG_WARN_BLOCK_CAPTURE_AUTORELEASING = YES;
				CLANG_WARN_BOOL_CONVERSION = YES;
				CLANG_WARN_COMMA = YES;
				CLANG_WARN_CONSTANT_CONVERSION = YES;
				CLANG_WARN_DEPRECATED_OBJC_IMPLEMENTATIONS = YES;
				CLANG_WARN_DIRECT_OBJC_ISA_USAGE = YES_ERROR;
				CLANG_WARN_DOCUMENTATION_COMMENTS = YES;
				CLANG_WARN_EMPTY_BODY = YES;
				CLANG_WARN_ENUM_CONVERSION = YES;
				CLANG_WARN_INFINITE_RECURSION = YES;
				CLANG_WARN_INT_CONVERSION = YES;
				CLANG_WARN_NON_LITERAL_NULL_CONVERSION = YES;
				CLANG_WARN_OBJC_IMPLICIT_RETAIN_SELF = YES;
				CLANG_WARN_OBJC_LITERAL_CONVERSION = YES;
				CLANG_WARN_OBJC_ROOT_CLASS = YES_ERROR;
				CLANG_WARN_RANGE_LOOP_ANALYSIS = YES;
				CLANG_WARN_STRICT_PROTOTYPES = YES;
				CLANG_WARN_SUSPICIOUS_MOVE = YES;
				CLANG_WARN_UNGUARDED_AVAILABILITY = YES_AGGRESSIVE;
				CLANG_WARN_UNREACHABLE_CODE = YES;
				CLANG_WARN__DUPLICATE_METHOD_MATCH = YES;
				CODE_SIGN_IDENTITY = "iPhone Developer";
				COPY_PHASE_STRIP = NO;
				DEBUG_INFORMATION_FORMAT = "dwarf-with-dsym";
				ENABLE_NS_ASSERTIONS = NO;
				ENABLE_STRICT_OBJC_MSGSEND = YES;
				GCC_C_LANGUAGE_STANDARD = gnu11;
				GCC_NO_COMMON_BLOCKS = YES;
				GCC_WARN_64_TO_32_BIT_CONVERSION = YES;
				GCC_WARN_ABOUT_RETURN_TYPE = YES_ERROR;
				GCC_WARN_UNDECLARED_SELECTOR = YES;
				GCC_WARN_UNINITIALIZED_AUTOS = YES_AGGRESSIVE;
				GCC_WARN_UNUSED_FUNCTION = YES;
				GCC_WARN_UNUSED_VARIABLE = YES;
				IPHONEOS_DEPLOYMENT_TARGET = 11.4;
				MTL_ENABLE_DEBUG_INFO = NO;
				SDKROOT = iphoneos;
				VALIDATE_PRODUCT = YES;
			};
			name = Release;
		};
		19769A0F21842AAF00FB1E30 /* Debug */ = {
			isa = XCBuildConfiguration;
			buildSettings = {
				ASSETCATALOG_COMPILER_APPICON_NAME = AppIcon;
				CODE_SIGN_STYLE = Automatic;
				INFOPLIST_FILE = trolli/Info.plist;
				LD_RUNPATH_SEARCH_PATHS = (
					"$(inherited)",
					"@executable_path/Frameworks",
				);
				PRODUCT_BUNDLE_IDENTIFIER = CodeBreaker.trolli;
				PRODUCT_NAME = "$(TARGET_NAME)";
				TARGETED_DEVICE_FAMILY = "1,2";
			};
			name = Debug;
		};
		19769A1021842AAF00FB1E30 /* Release */ = {
			isa = XCBuildConfiguration;
			buildSettings = {
				ASSETCATALOG_COMPILER_APPICON_NAME = AppIcon;
				CODE_SIGN_STYLE = Automatic;
				INFOPLIST_FILE = trolli/Info.plist;
				LD_RUNPATH_SEARCH_PATHS = (
					"$(inherited)",
					"@executable_path/Frameworks",
				);
				PRODUCT_BUNDLE_IDENTIFIER = CodeBreaker.trolli;
				PRODUCT_NAME = "$(TARGET_NAME)";
				TARGETED_DEVICE_FAMILY = "1,2";
			};
			name = Release;
		};
		19769A1221842AAF00FB1E30 /* Debug */ = {
			isa = XCBuildConfiguration;
			buildSettings = {
				BUNDLE_LOADER = "$(TEST_HOST)";
				CODE_SIGN_STYLE = Automatic;
				INFOPLIST_FILE = trolliTests/Info.plist;
				LD_RUNPATH_SEARCH_PATHS = (
					"$(inherited)",
					"@executable_path/Frameworks",
					"@loader_path/Frameworks",
				);
				PRODUCT_BUNDLE_IDENTIFIER = CodeBreaker.trolliTests;
				PRODUCT_NAME = "$(TARGET_NAME)";
				TARGETED_DEVICE_FAMILY = "1,2";
				TEST_HOST = "$(BUILT_PRODUCTS_DIR)/trolli.app/trolli";
			};
			name = Debug;
		};
		19769A1321842AAF00FB1E30 /* Release */ = {
			isa = XCBuildConfiguration;
			buildSettings = {
				BUNDLE_LOADER = "$(TEST_HOST)";
				CODE_SIGN_STYLE = Automatic;
				INFOPLIST_FILE = trolliTests/Info.plist;
				LD_RUNPATH_SEARCH_PATHS = (
					"$(inherited)",
					"@executable_path/Frameworks",
					"@loader_path/Frameworks",
				);
				PRODUCT_BUNDLE_IDENTIFIER = CodeBreaker.trolliTests;
				PRODUCT_NAME = "$(TARGET_NAME)";
				TARGETED_DEVICE_FAMILY = "1,2";
				TEST_HOST = "$(BUILT_PRODUCTS_DIR)/trolli.app/trolli";
			};
			name = Release;
		};
		19769A1521842AAF00FB1E30 /* Debug */ = {
			isa = XCBuildConfiguration;
			buildSettings = {
				CODE_SIGN_STYLE = Automatic;
				INFOPLIST_FILE = trolliUITests/Info.plist;
				LD_RUNPATH_SEARCH_PATHS = (
					"$(inherited)",
					"@executable_path/Frameworks",
					"@loader_path/Frameworks",
				);
				PRODUCT_BUNDLE_IDENTIFIER = CodeBreaker.trolliUITests;
				PRODUCT_NAME = "$(TARGET_NAME)";
				TARGETED_DEVICE_FAMILY = "1,2";
				TEST_TARGET_NAME = trolli;
			};
			name = Debug;
		};
		19769A1621842AAF00FB1E30 /* Release */ = {
			isa = XCBuildConfiguration;
			buildSettings = {
				CODE_SIGN_STYLE = Automatic;
				INFOPLIST_FILE = trolliUITests/Info.plist;
				LD_RUNPATH_SEARCH_PATHS = (
					"$(inherited)",
					"@executable_path/Frameworks",
					"@loader_path/Frameworks",
				);
				PRODUCT_BUNDLE_IDENTIFIER = CodeBreaker.trolliUITests;
				PRODUCT_NAME = "$(TARGET_NAME)";
				TARGETED_DEVICE_FAMILY = "1,2";
				TEST_TARGET_NAME = trolli;
			};
			name = Release;
		};
/* End XCBuildConfiguration section */

/* Begin XCConfigurationList section */
		197699DD21842A9B00FB1E30 /* Build configuration list for PBXProject "trolli" */ = {
			isa = XCConfigurationList;
			buildConfigurations = (
				19769A0C21842AAF00FB1E30 /* Debug */,
				19769A0D21842AAF00FB1E30 /* Release */,
			);
			defaultConfigurationIsVisible = 0;
			defaultConfigurationName = Release;
		};
		19769A0E21842AAF00FB1E30 /* Build configuration list for PBXNativeTarget "trolli" */ = {
			isa = XCConfigurationList;
			buildConfigurations = (
				19769A0F21842AAF00FB1E30 /* Debug */,
				19769A1021842AAF00FB1E30 /* Release */,
			);
			defaultConfigurationIsVisible = 0;
			defaultConfigurationName = Release;
		};
		19769A1121842AAF00FB1E30 /* Build configuration list for PBXNativeTarget "trolliTests" */ = {
			isa = XCConfigurationList;
			buildConfigurations = (
				19769A1221842AAF00FB1E30 /* Debug */,
				19769A1321842AAF00FB1E30 /* Release */,
			);
			defaultConfigurationIsVisible = 0;
			defaultConfigurationName = Release;
		};
		19769A1421842AAF00FB1E30 /* Build configuration list for PBXNativeTarget "trolliUITests" */ = {
			isa = XCConfigurationList;
			buildConfigurations = (
				19769A1521842AAF00FB1E30 /* Debug */,
				19769A1621842AAF00FB1E30 /* Release */,
			);
			defaultConfigurationIsVisible = 0;
			defaultConfigurationName = Release;
		};
/* End XCConfigurationList section */
	};
	rootObject = 197699DA21842A9B00FB1E30 /* Project object */;
}
